
Microsoft Visual Studio Solution File, Format Version 12.00
# Visual Studio Version 17
VisualStudioVersion = 17.3.32611.2
MinimumVisualStudioVersion = 10.0.40219.1
Project("{FAE04EC0-301F-11D3-BF4B-00C04F79EFBC}") = "TranslationFinalizationTool", "TranslationFinalizationTool\TranslationFinalizationTool.csproj", "{4141840C-EA19-4978-9E42-F6CBB2B44D0F}"
EndProject
Global
	GlobalSection(SolutionConfigurationPlatforms) = preSolution
		Debug|Any CPU = Debug|Any CPU
		Release|Any CPU = Release|Any CPU
	EndGlobalSection
	GlobalSection(ProjectConfigurationPlatforms) = postSolution
		{4141840C-EA19-4978-9E42-F6CBB2B44D0F}.Debug|Any CPU.ActiveCfg = Debug|Any CPU
		{4141840C-EA19-4978-9E42-F6CBB2B44D0F}.Debug|Any CPU.Build.0 = Debug|Any CPU
		{4141840C-EA19-4978-9E42-F6CBB2B44D0F}.Release|Any CPU.ActiveCfg = Release|Any CPU
		{4141840C-EA19-4978-9E42-F6CBB2B44D0F}.Release|Any CPU.Build.0 = Release|Any CPU
	EndGlobalSection
	GlobalSection(SolutionProperties) = preSolution
		HideSolutionNode = FALSE
	EndGlobalSection
	GlobalSection(ExtensibilityGlobals) = postSolution
		SolutionGuid = {6A6507CE-E5D1-48C9-B284-98B03328B836}
	EndGlobalSection
EndGlobal
